// !$*UTF8*$!
{
	archiveVersion = 1;
	classes = {
	};
	objectVersion = 77;
	objects = {

/* Begin PBXBuildFile section */
		0749B831A36742F4200B0FC0 /* NotificationHelper.swift in Sources */ = {isa = PBXBuildFile; fileRef = C01734DF3F4E31D70B38C5D9 /* NotificationHelper.swift */; };
		105A4A2CA9AF4F9DC96F2CDD /* WerkzeugkastenCore.framework in Frameworks */ = {isa = PBXBuildFile; fileRef = C3716AF63EA89C0FA62605D6 /* WerkzeugkastenCore.framework */; };
		225F5A5DA5CBD43EDEBF2390 /* cli.py in Resources */ = {isa = PBXBuildFile; fileRef = 039EB08BEECA476732008F17 /* cli.py */; };
		31E4949EC527760EE14E1AB2 /* WerkzeugkastenCoreTests.swift in Sources */ = {isa = PBXBuildFile; fileRef = B844258B07D5787549A4477A /* WerkzeugkastenCoreTests.swift */; };
		38A6A020425CCC29160AAD35 /* WerkzeugkastenMenuBarApp.swift in Sources */ = {isa = PBXBuildFile; fileRef = AF116B93A5A9E598B27B31BC /* WerkzeugkastenMenuBarApp.swift */; };
		5DC44BDE0C627EC3241B4E3A /* KeychainStore.swift in Sources */ = {isa = PBXBuildFile; fileRef = 265FDCCD369231C633885AAD /* KeychainStore.swift */; };
		7294D9C96F0F3F778B747E6A /* core.py in Resources */ = {isa = PBXBuildFile; fileRef = 384F8D7E79173F8B32D47901 /* core.py */; };
		740C5C0892015D2211492E4B /* WerkzeugkastenCore.framework in Frameworks */ = {isa = PBXBuildFile; fileRef = C3716AF63EA89C0FA62605D6 /* WerkzeugkastenCore.framework */; };
		92C9BC9C272E0000BE8EC10F /* WerkzeugkastenCore.framework in Embed Frameworks */ = {isa = PBXBuildFile; fileRef = C3716AF63EA89C0FA62605D6 /* WerkzeugkastenCore.framework */; settings = {ATTRIBUTES = (CodeSignOnCopy, RemoveHeadersOnCopy, ); }; };
		AAB141454C948330DFEA6A3C /* EngineModels.swift in Sources */ = {isa = PBXBuildFile; fileRef = 1319BF4A523014CF69328836 /* EngineModels.swift */; };
		B71C326F36E2D1B3AE1E181D /* WerkzeugkastenCore.framework in Frameworks */ = {isa = PBXBuildFile; fileRef = C3716AF63EA89C0FA62605D6 /* WerkzeugkastenCore.framework */; };
		BB9DEC14A6E358E8BE1318D8 /* WerkzeugkastenCore.framework in Embed Frameworks */ = {isa = PBXBuildFile; fileRef = C3716AF63EA89C0FA62605D6 /* WerkzeugkastenCore.framework */; settings = {ATTRIBUTES = (CodeSignOnCopy, RemoveHeadersOnCopy, ); }; };
		C58474CC62AF4A58749511D1 /* summarize.py in Resources */ = {isa = PBXBuildFile; fileRef = D14CE0A75D016134236341E6 /* summarize.py */; };
		CAC1E20235D72FAB9401598A /* InputNormalizer.swift in Sources */ = {isa = PBXBuildFile; fileRef = 1288AC00259930C8640C1E9F /* InputNormalizer.swift */; };
		D6014294FEA1BF019B040B73 /* EngineRunner.swift in Sources */ = {isa = PBXBuildFile; fileRef = 818867BAF39880CCC88DEA9A /* EngineRunner.swift */; };
		D881E54D56A059FD6FB345BE /* AppViews.swift in Sources */ = {isa = PBXBuildFile; fileRef = 07EADE0AA117A7A1AA672AA5 /* AppViews.swift */; };
		DA732D2293F278225D29FA1A /* WerkzeugkastenCore.framework in Embed Frameworks */ = {isa = PBXBuildFile; fileRef = C3716AF63EA89C0FA62605D6 /* WerkzeugkastenCore.framework */; settings = {ATTRIBUTES = (CodeSignOnCopy, RemoveHeadersOnCopy, ); }; };
		E6CF518F1747A8B30C546C72 /* ActionRequestHandler.swift in Sources */ = {isa = PBXBuildFile; fileRef = 554E75F40AAE62509ACDA86E /* ActionRequestHandler.swift */; };
		E7E8CAD4CE5FBC9FC1A8CE19 /* research_list.py in Resources */ = {isa = PBXBuildFile; fileRef = 37FB0436162635ED3D9F7960 /* research_list.py */; };
		EA0971724FAE9A46E3485F2B /* WerkzeugkastenActionExtension.appex in Embed Foundation Extensions */ = {isa = PBXBuildFile; fileRef = C140FCD5C7AD62C3A886F4B9 /* WerkzeugkastenActionExtension.appex */; settings = {ATTRIBUTES = (RemoveHeadersOnCopy, ); }; };
		EEA1D0F5D3D8D89F4D198054 /* SettingsStore.swift in Sources */ = {isa = PBXBuildFile; fileRef = C014451E1B72793D458B2729 /* SettingsStore.swift */; };
		EF19CBB597D4378D3E65E2B9 /* research_table.py in Resources */ = {isa = PBXBuildFile; fileRef = 11F0B000F6303B8D593B022D /* research_table.py */; };
		EF39255A8BF55FF89F079A25 /* SharedConstants.swift in Sources */ = {isa = PBXBuildFile; fileRef = E046E00CBB2C9C168597343A /* SharedConstants.swift */; };
		F4023099555A322EAEDBA226 /* __init__.py in Resources */ = {isa = PBXBuildFile; fileRef = BD018E23146E8C7F5B91F4E2 /* __init__.py */; };
		FD2D1F6B343D36D086789510 /* __main__.py in Resources */ = {isa = PBXBuildFile; fileRef = 9499CF6083CAC465D709D574 /* __main__.py */; };
/* End PBXBuildFile section */

/* Begin PBXContainerItemProxy section */
		47076DCD54970EF601D53603 /* PBXContainerItemProxy */ = {
			isa = PBXContainerItemProxy;
			containerPortal = E49A0A02963842DDE9567B4D /* Project object */;
			proxyType = 1;
			remoteGlobalIDString = D983AFC2BC181AECA9763356;
			remoteInfo = WerkzeugkastenCore;
		};
		4F0B6AF52B6E257EAC9E29A6 /* PBXContainerItemProxy */ = {
			isa = PBXContainerItemProxy;
			containerPortal = E49A0A02963842DDE9567B4D /* Project object */;
			proxyType = 1;
			remoteGlobalIDString = D983AFC2BC181AECA9763356;
			remoteInfo = WerkzeugkastenCore;
		};
		4FBA1F53898B3A4D51F86F39 /* PBXContainerItemProxy */ = {
			isa = PBXContainerItemProxy;
			containerPortal = E49A0A02963842DDE9567B4D /* Project object */;
			proxyType = 1;
			remoteGlobalIDString = D983AFC2BC181AECA9763356;
			remoteInfo = WerkzeugkastenCore;
		};
		554904EBDAD2337ACEE3BE6F /* PBXContainerItemProxy */ = {
			isa = PBXContainerItemProxy;
			containerPortal = E49A0A02963842DDE9567B4D /* Project object */;
			proxyType = 1;
			remoteGlobalIDString = 47E3273B1CD0736409FCE50E;
			remoteInfo = WerkzeugkastenActionExtension;
		};
/* End PBXContainerItemProxy section */

/* Begin PBXCopyFilesBuildPhase section */
		697D63E0EEB47B23DAB28796 /* Embed Foundation Extensions */ = {
			isa = PBXCopyFilesBuildPhase;
			buildActionMask = 2147483647;
			dstPath = "";
			dstSubfolderSpec = 13;
			files = (
				EA0971724FAE9A46E3485F2B /* WerkzeugkastenActionExtension.appex in Embed Foundation Extensions */,
			);
			name = "Embed Foundation Extensions";
			runOnlyForDeploymentPostprocessing = 0;
		};
		BFCC590003163CDC6D53CD08 /* Embed Frameworks */ = {
			isa = PBXCopyFilesBuildPhase;
			buildActionMask = 2147483647;
			dstPath = "";
			dstSubfolderSpec = 10;
			files = (
				BB9DEC14A6E358E8BE1318D8 /* WerkzeugkastenCore.framework in Embed Frameworks */,
			);
			name = "Embed Frameworks";
			runOnlyForDeploymentPostprocessing = 0;
		};
		DE57933BAA36E1302CDAB4B8 /* Embed Frameworks */ = {
			isa = PBXCopyFilesBuildPhase;
			buildActionMask = 2147483647;
			dstPath = "";
			dstSubfolderSpec = 10;
			files = (
				92C9BC9C272E0000BE8EC10F /* WerkzeugkastenCore.framework in Embed Frameworks */,
			);
			name = "Embed Frameworks";
			runOnlyForDeploymentPostprocessing = 0;
		};
		EDAB8E62CBEC52B89AD5690C /* Embed Frameworks */ = {
			isa = PBXCopyFilesBuildPhase;
			buildActionMask = 2147483647;
			dstPath = "";
			dstSubfolderSpec = 10;
			files = (
				DA732D2293F278225D29FA1A /* WerkzeugkastenCore.framework in Embed Frameworks */,
			);
			name = "Embed Frameworks";
			runOnlyForDeploymentPostprocessing = 0;
		};
/* End PBXCopyFilesBuildPhase section */

/* Begin PBXFileReference section */
		039EB08BEECA476732008F17 /* cli.py */ = {isa = PBXFileReference; lastKnownFileType = text.script.python; path = cli.py; sourceTree = "<group>"; };
		07EADE0AA117A7A1AA672AA5 /* AppViews.swift */ = {isa = PBXFileReference; lastKnownFileType = sourcecode.swift; path = AppViews.swift; sourceTree = "<group>"; };
		11F0B000F6303B8D593B022D /* research_table.py */ = {isa = PBXFileReference; lastKnownFileType = text.script.python; path = research_table.py; sourceTree = "<group>"; };
		1288AC00259930C8640C1E9F /* InputNormalizer.swift */ = {isa = PBXFileReference; lastKnownFileType = sourcecode.swift; path = InputNormalizer.swift; sourceTree = "<group>"; };
		1319BF4A523014CF69328836 /* EngineModels.swift */ = {isa = PBXFileReference; lastKnownFileType = sourcecode.swift; path = EngineModels.swift; sourceTree = "<group>"; };
		265FDCCD369231C633885AAD /* KeychainStore.swift */ = {isa = PBXFileReference; lastKnownFileType = sourcecode.swift; path = KeychainStore.swift; sourceTree = "<group>"; };
		37FB0436162635ED3D9F7960 /* research_list.py */ = {isa = PBXFileReference; lastKnownFileType = text.script.python; path = research_list.py; sourceTree = "<group>"; };
		384F8D7E79173F8B32D47901 /* core.py */ = {isa = PBXFileReference; lastKnownFileType = text.script.python; path = core.py; sourceTree = "<group>"; };
		554E75F40AAE62509ACDA86E /* ActionRequestHandler.swift */ = {isa = PBXFileReference; lastKnownFileType = sourcecode.swift; path = ActionRequestHandler.swift; sourceTree = "<group>"; };
		818867BAF39880CCC88DEA9A /* EngineRunner.swift */ = {isa = PBXFileReference; lastKnownFileType = sourcecode.swift; path = EngineRunner.swift; sourceTree = "<group>"; };
		9499CF6083CAC465D709D574 /* __main__.py */ = {isa = PBXFileReference; lastKnownFileType = text.script.python; path = __main__.py; sourceTree = "<group>"; };
		AF116B93A5A9E598B27B31BC /* WerkzeugkastenMenuBarApp.swift */ = {isa = PBXFileReference; lastKnownFileType = sourcecode.swift; path = WerkzeugkastenMenuBarApp.swift; sourceTree = "<group>"; };
		B844258B07D5787549A4477A /* WerkzeugkastenCoreTests.swift */ = {isa = PBXFileReference; lastKnownFileType = sourcecode.swift; path = WerkzeugkastenCoreTests.swift; sourceTree = "<group>"; };
		BD018E23146E8C7F5B91F4E2 /* __init__.py */ = {isa = PBXFileReference; lastKnownFileType = text.script.python; path = __init__.py; sourceTree = "<group>"; };
		C014451E1B72793D458B2729 /* SettingsStore.swift */ = {isa = PBXFileReference; lastKnownFileType = sourcecode.swift; path = SettingsStore.swift; sourceTree = "<group>"; };
		C01734DF3F4E31D70B38C5D9 /* NotificationHelper.swift */ = {isa = PBXFileReference; lastKnownFileType = sourcecode.swift; path = NotificationHelper.swift; sourceTree = "<group>"; };
		C140FCD5C7AD62C3A886F4B9 /* WerkzeugkastenActionExtension.appex */ = {isa = PBXFileReference; explicitFileType = "wrapper.app-extension"; includeInIndex = 0; path = WerkzeugkastenActionExtension.appex; sourceTree = BUILT_PRODUCTS_DIR; };
		C3716AF63EA89C0FA62605D6 /* WerkzeugkastenCore.framework */ = {isa = PBXFileReference; explicitFileType = wrapper.framework; includeInIndex = 0; path = WerkzeugkastenCore.framework; sourceTree = BUILT_PRODUCTS_DIR; };
		D14CE0A75D016134236341E6 /* summarize.py */ = {isa = PBXFileReference; lastKnownFileType = text.script.python; path = summarize.py; sourceTree = "<group>"; };
		E046E00CBB2C9C168597343A /* SharedConstants.swift */ = {isa = PBXFileReference; lastKnownFileType = sourcecode.swift; path = SharedConstants.swift; sourceTree = "<group>"; };
		EA53D981A8B287D8911BAC2A /* WerkzeugkastenCoreTests.xctest */ = {isa = PBXFileReference; explicitFileType = wrapper.cfbundle; includeInIndex = 0; path = WerkzeugkastenCoreTests.xctest; sourceTree = BUILT_PRODUCTS_DIR; };
		F54CE84D0C3CB966D457FA16 /* WerkzeugkastenApp.app */ = {isa = PBXFileReference; explicitFileType = wrapper.application; includeInIndex = 0; path = WerkzeugkastenApp.app; sourceTree = BUILT_PRODUCTS_DIR; };
/* End PBXFileReference section */

/* Begin PBXFrameworksBuildPhase section */
		5174995F54708FCD0E438D33 /* Frameworks */ = {
			isa = PBXFrameworksBuildPhase;
			buildActionMask = 2147483647;
			files = (
				B71C326F36E2D1B3AE1E181D /* WerkzeugkastenCore.framework in Frameworks */,
			);
			runOnlyForDeploymentPostprocessing = 0;
		};
		604E6B70F91DE60CF0571AF9 /* Frameworks */ = {
			isa = PBXFrameworksBuildPhase;
			buildActionMask = 2147483647;
			files = (
				105A4A2CA9AF4F9DC96F2CDD /* WerkzeugkastenCore.framework in Frameworks */,
			);
			runOnlyForDeploymentPostprocessing = 0;
		};
		FD84745486774EFD7F672624 /* Frameworks */ = {
			isa = PBXFrameworksBuildPhase;
			buildActionMask = 2147483647;
			files = (
				740C5C0892015D2211492E4B /* WerkzeugkastenCore.framework in Frameworks */,
			);
			runOnlyForDeploymentPostprocessing = 0;
		};
/* End PBXFrameworksBuildPhase section */

/* Begin PBXGroup section */
		149CEC456D5FA4BC510C0EBB /* Products */ = {
			isa = PBXGroup;
			children = (
				C140FCD5C7AD62C3A886F4B9 /* WerkzeugkastenActionExtension.appex */,
				F54CE84D0C3CB966D457FA16 /* WerkzeugkastenApp.app */,
				C3716AF63EA89C0FA62605D6 /* WerkzeugkastenCore.framework */,
				EA53D981A8B287D8911BAC2A /* WerkzeugkastenCoreTests.xctest */,
			);
			name = Products;
			sourceTree = "<group>";
		};
		1AFD363A7BCA91A19B1FF362 = {
			isa = PBXGroup;
			children = (
				33DA0F25DF09B8102E969587 /* werkzeugkasten_engine */,
				7256FDA0B4E674E8AFE74938 /* WerkzeugkastenActionExtension */,
				5D092ED36D0B3BF6AF6C1F18 /* WerkzeugkastenApp */,
				F6A3DFE3864EEC7DDFD6E87F /* WerkzeugkastenCore */,
				3D80CBD0DD8E99DB4E91E746 /* WerkzeugkastenCoreTests */,
				149CEC456D5FA4BC510C0EBB /* Products */,
			);
			sourceTree = "<group>";
		};
		33DA0F25DF09B8102E969587 /* werkzeugkasten_engine */ = {
			isa = PBXGroup;
			children = (
				BD018E23146E8C7F5B91F4E2 /* __init__.py */,
				9499CF6083CAC465D709D574 /* __main__.py */,
				039EB08BEECA476732008F17 /* cli.py */,
				384F8D7E79173F8B32D47901 /* core.py */,
				37FB0436162635ED3D9F7960 /* research_list.py */,
				11F0B000F6303B8D593B022D /* research_table.py */,
				D14CE0A75D016134236341E6 /* summarize.py */,
			);
			path = werkzeugkasten_engine;
			sourceTree = "<group>";
		};
		3D80CBD0DD8E99DB4E91E746 /* WerkzeugkastenCoreTests */ = {
			isa = PBXGroup;
			children = (
				B844258B07D5787549A4477A /* WerkzeugkastenCoreTests.swift */,
			);
			path = WerkzeugkastenCoreTests;
			sourceTree = "<group>";
		};
		5D092ED36D0B3BF6AF6C1F18 /* WerkzeugkastenApp */ = {
			isa = PBXGroup;
			children = (
				07EADE0AA117A7A1AA672AA5 /* AppViews.swift */,
				AF116B93A5A9E598B27B31BC /* WerkzeugkastenMenuBarApp.swift */,
			);
			path = WerkzeugkastenApp;
			sourceTree = "<group>";
		};
		7256FDA0B4E674E8AFE74938 /* WerkzeugkastenActionExtension */ = {
			isa = PBXGroup;
			children = (
				554E75F40AAE62509ACDA86E /* ActionRequestHandler.swift */,
			);
			path = WerkzeugkastenActionExtension;
			sourceTree = "<group>";
		};
		F6A3DFE3864EEC7DDFD6E87F /* WerkzeugkastenCore */ = {
			isa = PBXGroup;
			children = (
				1319BF4A523014CF69328836 /* EngineModels.swift */,
				818867BAF39880CCC88DEA9A /* EngineRunner.swift */,
				1288AC00259930C8640C1E9F /* InputNormalizer.swift */,
				265FDCCD369231C633885AAD /* KeychainStore.swift */,
				C01734DF3F4E31D70B38C5D9 /* NotificationHelper.swift */,
				C014451E1B72793D458B2729 /* SettingsStore.swift */,
				E046E00CBB2C9C168597343A /* SharedConstants.swift */,
			);
			path = WerkzeugkastenCore;
			sourceTree = "<group>";
		};
/* End PBXGroup section */

/* Begin PBXNativeTarget section */
		3FCB8ECA8BC5F494540A7C14 /* WerkzeugkastenCoreTests */ = {
			isa = PBXNativeTarget;
			buildConfigurationList = 1854DF074375B09DFA0DDD47 /* Build configuration list for PBXNativeTarget "WerkzeugkastenCoreTests" */;
			buildPhases = (
				3D219ED4AB7BCA827A671594 /* Sources */,
				FD84745486774EFD7F672624 /* Frameworks */,
				EDAB8E62CBEC52B89AD5690C /* Embed Frameworks */,
			);
			buildRules = (
			);
			dependencies = (
				B9A08BEB7883037F39796FA7 /* PBXTargetDependency */,
			);
			name = WerkzeugkastenCoreTests;
			packageProductDependencies = (
			);
			productName = WerkzeugkastenCoreTests;
			productReference = EA53D981A8B287D8911BAC2A /* WerkzeugkastenCoreTests.xctest */;
			productType = "com.apple.product-type.bundle.unit-test";
		};
		47E3273B1CD0736409FCE50E /* WerkzeugkastenActionExtension */ = {
			isa = PBXNativeTarget;
			buildConfigurationList = 974A254A31B9E9F463A17463 /* Build configuration list for PBXNativeTarget "WerkzeugkastenActionExtension" */;
			buildPhases = (
				7C5DD09A00467066F2E9C884 /* Sources */,
				5174995F54708FCD0E438D33 /* Frameworks */,
				DE57933BAA36E1302CDAB4B8 /* Embed Frameworks */,
			);
			buildRules = (
			);
			dependencies = (
				F68CA34E3337F4B47E416268 /* PBXTargetDependency */,
			);
			name = WerkzeugkastenActionExtension;
			packageProductDependencies = (
			);
			productName = WerkzeugkastenActionExtension;
			productReference = C140FCD5C7AD62C3A886F4B9 /* WerkzeugkastenActionExtension.appex */;
			productType = "com.apple.product-type.app-extension";
		};
		76498A9ECEE16F3B536E855C /* WerkzeugkastenApp */ = {
			isa = PBXNativeTarget;
			buildConfigurationList = 8C2FD3256B3A44253C179377 /* Build configuration list for PBXNativeTarget "WerkzeugkastenApp" */;
			buildPhases = (
				2BB0AE2D680AE15707B8D929 /* Sources */,
				604E6B70F91DE60CF0571AF9 /* Frameworks */,
				697D63E0EEB47B23DAB28796 /* Embed Foundation Extensions */,
				BFCC590003163CDC6D53CD08 /* Embed Frameworks */,
			);
			buildRules = (
			);
			dependencies = (
				C82AD5005B0E01AD92BAC2D7 /* PBXTargetDependency */,
				1E0BAD7C67A2EBF09CFBDEF4 /* PBXTargetDependency */,
			);
			name = WerkzeugkastenApp;
			packageProductDependencies = (
			);
			productName = WerkzeugkastenApp;
			productReference = F54CE84D0C3CB966D457FA16 /* WerkzeugkastenApp.app */;
			productType = "com.apple.product-type.application";
		};
		D983AFC2BC181AECA9763356 /* WerkzeugkastenCore */ = {
			isa = PBXNativeTarget;
			buildConfigurationList = 3D5C5B784D5F15421D97D7A5 /* Build configuration list for PBXNativeTarget "WerkzeugkastenCore" */;
			buildPhases = (
				A2B70AEFAF5C688433FAC09E /* Sources */,
				BB8526B860D9924B8FB2E68A /* Resources */,
			);
			buildRules = (
			);
			dependencies = (
			);
			name = WerkzeugkastenCore;
			packageProductDependencies = (
			);
			productName = WerkzeugkastenCore;
			productReference = C3716AF63EA89C0FA62605D6 /* WerkzeugkastenCore.framework */;
			productType = "com.apple.product-type.framework";
		};
/* End PBXNativeTarget section */

/* Begin PBXProject section */
		E49A0A02963842DDE9567B4D /* Project object */ = {
			isa = PBXProject;
			attributes = {
				BuildIndependentTargetsInParallel = YES;
				LastUpgradeCheck = 1640;
			};
			buildConfigurationList = 3BADFBF393FE5A540E23F258 /* Build configuration list for PBXProject "Werkzeugkasten" */;
			developmentRegion = en;
			hasScannedForEncodings = 0;
			knownRegions = (
				Base,
				en,
			);
			mainGroup = 1AFD363A7BCA91A19B1FF362;
			minimizedProjectReferenceProxies = 1;
			preferredProjectObjectVersion = 77;
			productRefGroup = 149CEC456D5FA4BC510C0EBB /* Products */;
			projectDirPath = "";
			projectRoot = "";
			targets = (
				47E3273B1CD0736409FCE50E /* WerkzeugkastenActionExtension */,
				76498A9ECEE16F3B536E855C /* WerkzeugkastenApp */,
				D983AFC2BC181AECA9763356 /* WerkzeugkastenCore */,
				3FCB8ECA8BC5F494540A7C14 /* WerkzeugkastenCoreTests */,
			);
		};
/* End PBXProject section */

/* Begin PBXResourcesBuildPhase section */
		BB8526B860D9924B8FB2E68A /* Resources */ = {
			isa = PBXResourcesBuildPhase;
			buildActionMask = 2147483647;
			files = (
				F4023099555A322EAEDBA226 /* __init__.py in Resources */,
				FD2D1F6B343D36D086789510 /* __main__.py in Resources */,
				225F5A5DA5CBD43EDEBF2390 /* cli.py in Resources */,
				7294D9C96F0F3F778B747E6A /* core.py in Resources */,
				E7E8CAD4CE5FBC9FC1A8CE19 /* research_list.py in Resources */,
				EF19CBB597D4378D3E65E2B9 /* research_table.py in Resources */,
				C58474CC62AF4A58749511D1 /* summarize.py in Resources */,
			);
			runOnlyForDeploymentPostprocessing = 0;
		};
/* End PBXResourcesBuildPhase section */

/* Begin PBXSourcesBuildPhase section */
		2BB0AE2D680AE15707B8D929 /* Sources */ = {
			isa = PBXSourcesBuildPhase;
			buildActionMask = 2147483647;
			files = (
				D881E54D56A059FD6FB345BE /* AppViews.swift in Sources */,
				38A6A020425CCC29160AAD35 /* WerkzeugkastenMenuBarApp.swift in Sources */,
			);
			runOnlyForDeploymentPostprocessing = 0;
		};
		3D219ED4AB7BCA827A671594 /* Sources */ = {
			isa = PBXSourcesBuildPhase;
			buildActionMask = 2147483647;
			files = (
				31E4949EC527760EE14E1AB2 /* WerkzeugkastenCoreTests.swift in Sources */,
			);
			runOnlyForDeploymentPostprocessing = 0;
		};
		7C5DD09A00467066F2E9C884 /* Sources */ = {
			isa = PBXSourcesBuildPhase;
			buildActionMask = 2147483647;
			files = (
				E6CF518F1747A8B30C546C72 /* ActionRequestHandler.swift in Sources */,
			);
			runOnlyForDeploymentPostprocessing = 0;
		};
		A2B70AEFAF5C688433FAC09E /* Sources */ = {
			isa = PBXSourcesBuildPhase;
			buildActionMask = 2147483647;
			files = (
				AAB141454C948330DFEA6A3C /* EngineModels.swift in Sources */,
				D6014294FEA1BF019B040B73 /* EngineRunner.swift in Sources */,
				CAC1E20235D72FAB9401598A /* InputNormalizer.swift in Sources */,
				5DC44BDE0C627EC3241B4E3A /* KeychainStore.swift in Sources */,
				0749B831A36742F4200B0FC0 /* NotificationHelper.swift in Sources */,
				EEA1D0F5D3D8D89F4D198054 /* SettingsStore.swift in Sources */,
				EF39255A8BF55FF89F079A25 /* SharedConstants.swift in Sources */,
			);
			runOnlyForDeploymentPostprocessing = 0;
		};
/* End PBXSourcesBuildPhase section */

/* Begin PBXTargetDependency section */
		1E0BAD7C67A2EBF09CFBDEF4 /* PBXTargetDependency */ = {
			isa = PBXTargetDependency;
			target = 47E3273B1CD0736409FCE50E /* WerkzeugkastenActionExtension */;
			targetProxy = 554904EBDAD2337ACEE3BE6F /* PBXContainerItemProxy */;
		};
		B9A08BEB7883037F39796FA7 /* PBXTargetDependency */ = {
			isa = PBXTargetDependency;
			target = D983AFC2BC181AECA9763356 /* WerkzeugkastenCore */;
			targetProxy = 4FBA1F53898B3A4D51F86F39 /* PBXContainerItemProxy */;
		};
		C82AD5005B0E01AD92BAC2D7 /* PBXTargetDependency */ = {
			isa = PBXTargetDependency;
			target = D983AFC2BC181AECA9763356 /* WerkzeugkastenCore */;
			targetProxy = 4F0B6AF52B6E257EAC9E29A6 /* PBXContainerItemProxy */;
		};
		F68CA34E3337F4B47E416268 /* PBXTargetDependency */ = {
			isa = PBXTargetDependency;
			target = D983AFC2BC181AECA9763356 /* WerkzeugkastenCore */;
			targetProxy = 47076DCD54970EF601D53603 /* PBXContainerItemProxy */;
		};
/* End PBXTargetDependency section */

/* Begin XCBuildConfiguration section */
		193DB8B8B3E7465C54CDB0D2 /* Release */ = {
			isa = XCBuildConfiguration;
			buildSettings = {
				CODE_SIGN_ENTITLEMENTS = Config/WerkzeugkastenActionExtension.entitlements;
				"CODE_SIGN_IDENTITY[sdk=macosx*]" = "-";
				COMBINE_HIDPI_IMAGES = YES;
				DEAD_CODE_STRIPPING = YES;
				"DEVELOPMENT_TEAM[sdk=macosx*]" = 8GPF2CCDMW;
				INFOPLIST_FILE = "Config/WerkzeugkastenActionExtension-Info.plist";
				INFOPLIST_KEY_WerkzeugkastenKeychainAccessGroup = "$(AppIdentifierPrefix)local.mfr.werkzeugkasten.shared";
				LD_RUNPATH_SEARCH_PATHS = (
					"$(inherited)",
					"@executable_path/../Frameworks",
					"@executable_path/../../../../Frameworks",
				);
				PRODUCT_BUNDLE_IDENTIFIER = local.mfr.werkzeugkasten.action;
				"PROVISIONING_PROFILE_SPECIFIER[sdk=macosx*]" = "";
				SDKROOT = macosx;
			};
			name = Release;
		};
		474FB3B12A9B7CE35AE08BDC /* Release */ = {
			isa = XCBuildConfiguration;
			buildSettings = {
				ALWAYS_SEARCH_USER_PATHS = NO;
				AR = ar;
				CC = clang;
				CLANG_ANALYZER_NONNULL = YES;
				CLANG_ANALYZER_NUMBER_OBJECT_CONVERSION = YES_AGGRESSIVE;
				CLANG_CXX_LANGUAGE_STANDARD = "gnu++14";
				CLANG_CXX_LIBRARY = "libc++";
				CLANG_ENABLE_EXPLICIT_MODULES = NO;
				CLANG_ENABLE_MODULES = YES;
				CLANG_ENABLE_OBJC_ARC = YES;
				CLANG_ENABLE_OBJC_WEAK = YES;
				CLANG_WARN_BLOCK_CAPTURE_AUTORELEASING = YES;
				CLANG_WARN_BOOL_CONVERSION = YES;
				CLANG_WARN_COMMA = YES;
				CLANG_WARN_CONSTANT_CONVERSION = YES;
				CLANG_WARN_DEPRECATED_OBJC_IMPLEMENTATIONS = YES;
				CLANG_WARN_DIRECT_OBJC_ISA_USAGE = YES_ERROR;
				CLANG_WARN_DOCUMENTATION_COMMENTS = YES;
				CLANG_WARN_EMPTY_BODY = YES;
				CLANG_WARN_ENUM_CONVERSION = YES;
				CLANG_WARN_INFINITE_RECURSION = YES;
				CLANG_WARN_INT_CONVERSION = YES;
				CLANG_WARN_NON_LITERAL_NULL_CONVERSION = YES;
				CLANG_WARN_OBJC_IMPLICIT_RETAIN_SELF = YES;
				CLANG_WARN_OBJC_LITERAL_CONVERSION = YES;
				CLANG_WARN_OBJC_ROOT_CLASS = YES_ERROR;
				CLANG_WARN_QUOTED_INCLUDE_IN_FRAMEWORK_HEADER = YES;
				CLANG_WARN_RANGE_LOOP_ANALYSIS = YES;
				CLANG_WARN_STRICT_PROTOTYPES = YES;
				CLANG_WARN_SUSPICIOUS_MOVE = YES;
				CLANG_WARN_UNGUARDED_AVAILABILITY = YES_AGGRESSIVE;
				CLANG_WARN_UNREACHABLE_CODE = YES;
				CLANG_WARN__DUPLICATE_METHOD_MATCH = YES;
				COPY_PHASE_STRIP = NO;
				CXX = "clang++";
				DEAD_CODE_STRIPPING = YES;
				DEBUG_INFORMATION_FORMAT = "dwarf-with-dsym";
				ENABLE_NS_ASSERTIONS = NO;
				ENABLE_STRICT_OBJC_MSGSEND = YES;
				ENABLE_USER_SCRIPT_SANDBOXING = YES;
				GCC_C_LANGUAGE_STANDARD = gnu11;
				GCC_NO_COMMON_BLOCKS = YES;
				GCC_WARN_64_TO_32_BIT_CONVERSION = YES;
				GCC_WARN_ABOUT_RETURN_TYPE = YES_ERROR;
				GCC_WARN_UNDECLARED_SELECTOR = YES;
				GCC_WARN_UNINITIALIZED_AUTOS = YES_AGGRESSIVE;
				GCC_WARN_UNUSED_FUNCTION = YES;
				GCC_WARN_UNUSED_VARIABLE = YES;
				LD = clang;
				LIBTOOL = libtool;
				MACOSX_DEPLOYMENT_TARGET = 15.0;
				MTL_ENABLE_DEBUG_INFO = NO;
				MTL_FAST_MATH = YES;
				NM = nm;
				PRODUCT_NAME = "$(TARGET_NAME)";
				RANLIB = ranlib;
				SDKROOT = macosx;
				SWIFT_COMPILATION_MODE = wholemodule;
				SWIFT_OPTIMIZATION_LEVEL = "-O";
				SWIFT_VERSION = 6.0;
			};
			name = Release;
		};
		4D17BA48FE5F8833BFB0E3DB /* Debug */ = {
			isa = XCBuildConfiguration;
			buildSettings = {
				BUNDLE_LOADER = "$(TEST_HOST)";
				COMBINE_HIDPI_IMAGES = YES;
				DEAD_CODE_STRIPPING = YES;
				GENERATE_INFOPLIST_FILE = YES;
				LD_RUNPATH_SEARCH_PATHS = (
					"$(inherited)",
					"@executable_path/../Frameworks",
					"@loader_path/../Frameworks",
				);
				PRODUCT_BUNDLE_IDENTIFIER = local.mfr.werkzeugkasten.core.tests;
				SDKROOT = macosx;
			};
			name = Debug;
		};
		516F1D91BEF2EFE4AFE14342 /* Debug */ = {
			isa = XCBuildConfiguration;
			buildSettings = {
				CODE_SIGN_IDENTITY = "";
				COMBINE_HIDPI_IMAGES = YES;
				CURRENT_PROJECT_VERSION = 1;
				DEAD_CODE_STRIPPING = YES;
				DEFINES_MODULE = YES;
				DYLIB_COMPATIBILITY_VERSION = 1;
				DYLIB_CURRENT_VERSION = 1;
				DYLIB_INSTALL_NAME_BASE = "@rpath";
				ENABLE_MODULE_VERIFIER = YES;
				GENERATE_INFOPLIST_FILE = YES;
				INSTALL_PATH = "$(LOCAL_LIBRARY_DIR)/Frameworks";
				LD_RUNPATH_SEARCH_PATHS = (
					"$(inherited)",
					"@executable_path/../Frameworks",
				);
				MODULE_VERIFIER_SUPPORTED_LANGUAGE_STANDARDS = "gnu11 gnu++14";
				PRODUCT_BUNDLE_IDENTIFIER = local.mfr.werkzeugkasten.core;
				SDKROOT = macosx;
				SKIP_INSTALL = YES;
				VERSIONING_SYSTEM = "apple-generic";
			};
			name = Debug;
		};
		69E058CAD3E1E939BAB36729 /* Debug */ = {
			isa = XCBuildConfiguration;
			buildSettings = {
				ASSETCATALOG_COMPILER_APPICON_NAME = AppIcon;
				CODE_SIGN_ENTITLEMENTS = Config/WerkzeugkastenApp.entitlements;
				COMBINE_HIDPI_IMAGES = YES;
				DEAD_CODE_STRIPPING = YES;
				GENERATE_INFOPLIST_FILE = YES;
				INFOPLIST_KEY_CFBundleDisplayName = Werkzeugkasten;
				INFOPLIST_KEY_LSUIElement = YES;
				INFOPLIST_KEY_WerkzeugkastenKeychainAccessGroup = "$(AppIdentifierPrefix)local.mfr.werkzeugkasten.shared";
				LD_RUNPATH_SEARCH_PATHS = (
					"$(inherited)",
					"@executable_path/../Frameworks",
				);
				PRODUCT_BUNDLE_IDENTIFIER = local.mfr.werkzeugkasten.app;
				SDKROOT = macosx;
			};
			name = Debug;
		};
		71686504646BE48BDF3D3BDE /* Debug */ = {
			isa = XCBuildConfiguration;
			buildSettings = {
				ALWAYS_SEARCH_USER_PATHS = NO;
				AR = ar;
				CC = clang;
				CLANG_ANALYZER_NONNULL = YES;
				CLANG_ANALYZER_NUMBER_OBJECT_CONVERSION = YES_AGGRESSIVE;
				CLANG_CXX_LANGUAGE_STANDARD = "gnu++14";
				CLANG_CXX_LIBRARY = "libc++";
				CLANG_ENABLE_EXPLICIT_MODULES = NO;
				CLANG_ENABLE_MODULES = YES;
				CLANG_ENABLE_OBJC_ARC = YES;
				CLANG_ENABLE_OBJC_WEAK = YES;
				CLANG_WARN_BLOCK_CAPTURE_AUTORELEASING = YES;
				CLANG_WARN_BOOL_CONVERSION = YES;
				CLANG_WARN_COMMA = YES;
				CLANG_WARN_CONSTANT_CONVERSION = YES;
				CLANG_WARN_DEPRECATED_OBJC_IMPLEMENTATIONS = YES;
				CLANG_WARN_DIRECT_OBJC_ISA_USAGE = YES_ERROR;
				CLANG_WARN_DOCUMENTATION_COMMENTS = YES;
				CLANG_WARN_EMPTY_BODY = YES;
				CLANG_WARN_ENUM_CONVERSION = YES;
				CLANG_WARN_INFINITE_RECURSION = YES;
				CLANG_WARN_INT_CONVERSION = YES;
				CLANG_WARN_NON_LITERAL_NULL_CONVERSION = YES;
				CLANG_WARN_OBJC_IMPLICIT_RETAIN_SELF = YES;
				CLANG_WARN_OBJC_LITERAL_CONVERSION = YES;
				CLANG_WARN_OBJC_ROOT_CLASS = YES_ERROR;
				CLANG_WARN_QUOTED_INCLUDE_IN_FRAMEWORK_HEADER = YES;
				CLANG_WARN_RANGE_LOOP_ANALYSIS = YES;
				CLANG_WARN_STRICT_PROTOTYPES = YES;
				CLANG_WARN_SUSPICIOUS_MOVE = YES;
				CLANG_WARN_UNGUARDED_AVAILABILITY = YES_AGGRESSIVE;
				CLANG_WARN_UNREACHABLE_CODE = YES;
				CLANG_WARN__DUPLICATE_METHOD_MATCH = YES;
				COPY_PHASE_STRIP = NO;
				CXX = "clang++";
				DEAD_CODE_STRIPPING = YES;
				DEBUG_INFORMATION_FORMAT = dwarf;
				ENABLE_STRICT_OBJC_MSGSEND = YES;
				ENABLE_TESTABILITY = YES;
				ENABLE_USER_SCRIPT_SANDBOXING = YES;
				GCC_C_LANGUAGE_STANDARD = gnu11;
				GCC_DYNAMIC_NO_PIC = NO;
				GCC_NO_COMMON_BLOCKS = YES;
				GCC_OPTIMIZATION_LEVEL = 0;
				GCC_PREPROCESSOR_DEFINITIONS = (
					"$(inherited)",
					"DEBUG=1",
				);
				GCC_WARN_64_TO_32_BIT_CONVERSION = YES;
				GCC_WARN_ABOUT_RETURN_TYPE = YES_ERROR;
				GCC_WARN_UNDECLARED_SELECTOR = YES;
				GCC_WARN_UNINITIALIZED_AUTOS = YES_AGGRESSIVE;
				GCC_WARN_UNUSED_FUNCTION = YES;
				GCC_WARN_UNUSED_VARIABLE = YES;
				LD = clang;
				LIBTOOL = libtool;
				MACOSX_DEPLOYMENT_TARGET = 15.0;
				MTL_ENABLE_DEBUG_INFO = INCLUDE_SOURCE;
				MTL_FAST_MATH = YES;
				NM = nm;
				ONLY_ACTIVE_ARCH = YES;
				PRODUCT_NAME = "$(TARGET_NAME)";
				RANLIB = ranlib;
				SDKROOT = macosx;
				SWIFT_ACTIVE_COMPILATION_CONDITIONS = DEBUG;
				SWIFT_OPTIMIZATION_LEVEL = "-Onone";
				SWIFT_VERSION = 6.0;
			};
			name = Debug;
		};
		88310A3855153134E2539B5D /* Release */ = {
			isa = XCBuildConfiguration;
			buildSettings = {
				BUNDLE_LOADER = "$(TEST_HOST)";
				COMBINE_HIDPI_IMAGES = YES;
				DEAD_CODE_STRIPPING = YES;
				GENERATE_INFOPLIST_FILE = YES;
				LD_RUNPATH_SEARCH_PATHS = (
					"$(inherited)",
					"@executable_path/../Frameworks",
					"@loader_path/../Frameworks",
				);
				PRODUCT_BUNDLE_IDENTIFIER = local.mfr.werkzeugkasten.core.tests;
				SDKROOT = macosx;
			};
			name = Release;
		};
		9EA9F185DB8E3198DB79E318 /* Release */ = {
			isa = XCBuildConfiguration;
			buildSettings = {
				ASSETCATALOG_COMPILER_APPICON_NAME = AppIcon;
				CODE_SIGN_ENTITLEMENTS = Config/WerkzeugkastenApp.entitlements;
				COMBINE_HIDPI_IMAGES = YES;
				DEAD_CODE_STRIPPING = YES;
				GENERATE_INFOPLIST_FILE = YES;
				INFOPLIST_KEY_CFBundleDisplayName = Werkzeugkasten;
				INFOPLIST_KEY_LSUIElement = YES;
				INFOPLIST_KEY_WerkzeugkastenKeychainAccessGroup = "$(AppIdentifierPrefix)local.mfr.werkzeugkasten.shared";
				LD_RUNPATH_SEARCH_PATHS = (
					"$(inherited)",
					"@executable_path/../Frameworks",
				);
				PRODUCT_BUNDLE_IDENTIFIER = local.mfr.werkzeugkasten.app;
				SDKROOT = macosx;
			};
			name = Release;
		};
		D54D7CEBE5AF63E925EB2685 /* Release */ = {
			isa = XCBuildConfiguration;
			buildSettings = {
				CODE_SIGN_IDENTITY = "";
				COMBINE_HIDPI_IMAGES = YES;
				CURRENT_PROJECT_VERSION = 1;
				DEAD_CODE_STRIPPING = YES;
				DEFINES_MODULE = YES;
				DYLIB_COMPATIBILITY_VERSION = 1;
				DYLIB_CURRENT_VERSION = 1;
				DYLIB_INSTALL_NAME_BASE = "@rpath";
				ENABLE_MODULE_VERIFIER = YES;
				GENERATE_INFOPLIST_FILE = YES;
				INSTALL_PATH = "$(LOCAL_LIBRARY_DIR)/Frameworks";
				LD_RUNPATH_SEARCH_PATHS = (
					"$(inherited)",
					"@executable_path/../Frameworks",
				);
				MODULE_VERIFIER_SUPPORTED_LANGUAGE_STANDARDS = "gnu11 gnu++14";
				PRODUCT_BUNDLE_IDENTIFIER = local.mfr.werkzeugkasten.core;
				SDKROOT = macosx;
				SKIP_INSTALL = YES;
				VERSIONING_SYSTEM = "apple-generic";
			};
			name = Release;
		};
		F5F71D6C1B45F9B321D5CB12 /* Debug */ = {
			isa = XCBuildConfiguration;
			buildSettings = {
				CODE_SIGN_ENTITLEMENTS = Config/WerkzeugkastenActionExtension.entitlements;
				"CODE_SIGN_IDENTITY[sdk=macosx*]" = "-";
				COMBINE_HIDPI_IMAGES = YES;
				DEAD_CODE_STRIPPING = YES;
				"DEVELOPMENT_TEAM[sdk=macosx*]" = 8GPF2CCDMW;
				INFOPLIST_FILE = "Config/WerkzeugkastenActionExtension-Info.plist";
				INFOPLIST_KEY_WerkzeugkastenKeychainAccessGroup = "$(AppIdentifierPrefix)local.mfr.werkzeugkasten.shared";
				LD_RUNPATH_SEARCH_PATHS = (
					"$(inherited)",
					"@executable_path/../Frameworks",
					"@executable_path/../../../../Frameworks",
				);
				PRODUCT_BUNDLE_IDENTIFIER = local.mfr.werkzeugkasten.action;
				"PROVISIONING_PROFILE_SPECIFIER[sdk=macosx*]" = "";
				SDKROOT = macosx;
			};
			name = Debug;
		};
/* End XCBuildConfiguration section */

/* Begin XCConfigurationList section */
		1854DF074375B09DFA0DDD47 /* Build configuration list for PBXNativeTarget "WerkzeugkastenCoreTests" */ = {
			isa = XCConfigurationList;
			buildConfigurations = (
				4D17BA48FE5F8833BFB0E3DB /* Debug */,
				88310A3855153134E2539B5D /* Release */,
			);
			defaultConfigurationIsVisible = 0;
			defaultConfigurationName = Debug;
		};
		3BADFBF393FE5A540E23F258 /* Build configuration list for PBXProject "Werkzeugkasten" */ = {
			isa = XCConfigurationList;
			buildConfigurations = (
				71686504646BE48BDF3D3BDE /* Debug */,
				474FB3B12A9B7CE35AE08BDC /* Release */,
			);
			defaultConfigurationIsVisible = 0;
			defaultConfigurationName = Debug;
		};
		3D5C5B784D5F15421D97D7A5 /* Build configuration list for PBXNativeTarget "WerkzeugkastenCore" */ = {
			isa = XCConfigurationList;
			buildConfigurations = (
				516F1D91BEF2EFE4AFE14342 /* Debug */,
				D54D7CEBE5AF63E925EB2685 /* Release */,
			);
			defaultConfigurationIsVisible = 0;
			defaultConfigurationName = Debug;
		};
		8C2FD3256B3A44253C179377 /* Build configuration list for PBXNativeTarget "WerkzeugkastenApp" */ = {
			isa = XCConfigurationList;
			buildConfigurations = (
				69E058CAD3E1E939BAB36729 /* Debug */,
				9EA9F185DB8E3198DB79E318 /* Release */,
			);
			defaultConfigurationIsVisible = 0;
			defaultConfigurationName = Debug;
		};
		974A254A31B9E9F463A17463 /* Build configuration list for PBXNativeTarget "WerkzeugkastenActionExtension" */ = {
			isa = XCConfigurationList;
			buildConfigurations = (
				F5F71D6C1B45F9B321D5CB12 /* Debug */,
				193DB8B8B3E7465C54CDB0D2 /* Release */,
			);
			defaultConfigurationIsVisible = 0;
			defaultConfigurationName = Debug;
		};
/* End XCConfigurationList section */
	};
	rootObject = E49A0A02963842DDE9567B4D /* Project object */;
}
