// !$*UTF8*$!
{
	archiveVersion = 1;
	classes = {
	};
	objectVersion = 77;
	objects = {

/* Begin PBXBuildFile section */
		1A15626C013F1F131E97AFAA /* codex_log.py in Resources */ = {isa = PBXBuildFile; fileRef = 3954B8F33B736FF2B45D4892 /* codex_log.py */; };
		1CEDD53BF75389E07914AD2B /* summarize.py in Resources */ = {isa = PBXBuildFile; fileRef = EDC23E0CFB110D28C76C5C34 /* summarize.py */; };
		2DF2B33E6A677756264D45C1 /* InputNormalizer.swift in Sources */ = {isa = PBXBuildFile; fileRef = 181ED0556CE78A69F5117AE4 /* InputNormalizer.swift */; };
		34B590C5442398CB786BDDB9 /* ActionRequestHandler.swift in Sources */ = {isa = PBXBuildFile; fileRef = D074526C6194A7A31FE77BF4 /* ActionRequestHandler.swift */; };
		42303336D32F8BEA7C132699 /* WerkzeugkastenCore.framework in Embed Frameworks */ = {isa = PBXBuildFile; fileRef = 3060211CCE42A26E316070BC /* WerkzeugkastenCore.framework */; settings = {ATTRIBUTES = (CodeSignOnCopy, RemoveHeadersOnCopy, ); }; };
		518A6C266B6AA329A5E82C8B /* research_table.py in Resources */ = {isa = PBXBuildFile; fileRef = 7560BDE31895559957D708AE /* research_table.py */; };
		55D2260D9C21F1DB84F0365B /* WerkzeugkastenMenuBarApp.swift in Sources */ = {isa = PBXBuildFile; fileRef = 5EFF0536F5C13E31AB66473A /* WerkzeugkastenMenuBarApp.swift */; };
		6108108A3D7D48EF2025689E /* WerkzeugkastenCore.framework in Frameworks */ = {isa = PBXBuildFile; fileRef = 3060211CCE42A26E316070BC /* WerkzeugkastenCore.framework */; };
		749AA8368709E3D98D579697 /* core.py in Resources */ = {isa = PBXBuildFile; fileRef = 2A3EEE0A0F4244A4A905161A /* core.py */; };
		75F85F789B45D1E50CF19FF4 /* __init__.py in Resources */ = {isa = PBXBuildFile; fileRef = A0E61C6A9597429654640C06 /* __init__.py */; };
		7D5FA8EF07FD2268BB016162 /* KeychainStore.swift in Sources */ = {isa = PBXBuildFile; fileRef = 830304711401CF08505EC9CC /* KeychainStore.swift */; };
		7E9C6A978616A9B9ED374082 /* SettingsStore.swift in Sources */ = {isa = PBXBuildFile; fileRef = 9EA15E79BA1DEF64E3260EC5 /* SettingsStore.swift */; };
		8394E79A6F305A2E15E423A7 /* WerkzeugkastenCore.framework in Frameworks */ = {isa = PBXBuildFile; fileRef = 3060211CCE42A26E316070BC /* WerkzeugkastenCore.framework */; };
		919EBDABC2850772F1A21BB7 /* EngineRunner.swift in Sources */ = {isa = PBXBuildFile; fileRef = 43C2DC0426AFB4EDAE58BDA4 /* EngineRunner.swift */; };
		9A380FA55531D84B04C75011 /* EngineModels.swift in Sources */ = {isa = PBXBuildFile; fileRef = FAB967D4725A9E07D6CC3605 /* EngineModels.swift */; };
		A51273A49BE279C5869F11E8 /* cli.py in Resources */ = {isa = PBXBuildFile; fileRef = 677A8E7873E5DCC3B38A2B7D /* cli.py */; };
		A9521C90331F4099767E8A87 /* NotificationHelper.swift in Sources */ = {isa = PBXBuildFile; fileRef = 0C9AD89BF9426D42198C30DB /* NotificationHelper.swift */; };
		AF236DDC8A0D3AD1D3FCB6EE /* WerkzeugkastenCore.framework in Frameworks */ = {isa = PBXBuildFile; fileRef = 3060211CCE42A26E316070BC /* WerkzeugkastenCore.framework */; };
		B39D4F4F49B219D3D646C00E /* __main__.py in Resources */ = {isa = PBXBuildFile; fileRef = 2C791A72EC62117F80E25D36 /* __main__.py */; };
		B47DCF1F55AE076A5422ADAA /* research_list.py in Resources */ = {isa = PBXBuildFile; fileRef = 015A9D71820D249B30CD2823 /* research_list.py */; };
		BD6D2BDB6852CEFB60126BE9 /* WerkzeugkastenCore.framework in Embed Frameworks */ = {isa = PBXBuildFile; fileRef = 3060211CCE42A26E316070BC /* WerkzeugkastenCore.framework */; settings = {ATTRIBUTES = (CodeSignOnCopy, RemoveHeadersOnCopy, ); }; };
		C1050161AE39E362C01426C1 /* WerkzeugkastenActionExtension.appex in Embed Foundation Extensions */ = {isa = PBXBuildFile; fileRef = A33AF22B9EE5EB03E5664A2A /* WerkzeugkastenActionExtension.appex */; settings = {ATTRIBUTES = (RemoveHeadersOnCopy, ); }; };
		CF883C0C4FFCE13B233D3A01 /* WindowCoordinator.swift in Sources */ = {isa = PBXBuildFile; fileRef = 5D5D8A5D78CE1CDCE82209AC /* WindowCoordinator.swift */; };
		D59FB34DE9E055453690F25D /* AppViews.swift in Sources */ = {isa = PBXBuildFile; fileRef = 9BA9C96D9A04A2F882B04ABD /* AppViews.swift */; };
		D7D245429DA6EA3104141A14 /* WerkzeugkastenCore.framework in Embed Frameworks */ = {isa = PBXBuildFile; fileRef = 3060211CCE42A26E316070BC /* WerkzeugkastenCore.framework */; settings = {ATTRIBUTES = (CodeSignOnCopy, RemoveHeadersOnCopy, ); }; };
		F846416F731C89098F88510B /* SharedConstants.swift in Sources */ = {isa = PBXBuildFile; fileRef = 1A54CC72921F51DAF9F09726 /* SharedConstants.swift */; };
		F967F7B429F6CB777E7D0DB8 /* WerkzeugkastenCoreTests.swift in Sources */ = {isa = PBXBuildFile; fileRef = 3045FA7836D178715D8E8F9D /* WerkzeugkastenCoreTests.swift */; };
/* End PBXBuildFile section */

/* Begin PBXContainerItemProxy section */
		4788D5F368A6BAA42C89927A /* PBXContainerItemProxy */ = {
			isa = PBXContainerItemProxy;
			containerPortal = 729DD3C704C6EA7F8CB7789C /* Project object */;
			proxyType = 1;
			remoteGlobalIDString = 582AEE2345C08646F81127B6;
			remoteInfo = WerkzeugkastenCore;
		};
		D5AD8238E91602EDD6257B0E /* PBXContainerItemProxy */ = {
			isa = PBXContainerItemProxy;
			containerPortal = 729DD3C704C6EA7F8CB7789C /* Project object */;
			proxyType = 1;
			remoteGlobalIDString = 31945154CCBA6878BA025554;
			remoteInfo = WerkzeugkastenActionExtension;
		};
		EC2FD359547EF73A8B70872D /* PBXContainerItemProxy */ = {
			isa = PBXContainerItemProxy;
			containerPortal = 729DD3C704C6EA7F8CB7789C /* Project object */;
			proxyType = 1;
			remoteGlobalIDString = 582AEE2345C08646F81127B6;
			remoteInfo = WerkzeugkastenCore;
		};
		FEA987827790F9458F6C1BE4 /* PBXContainerItemProxy */ = {
			isa = PBXContainerItemProxy;
			containerPortal = 729DD3C704C6EA7F8CB7789C /* Project object */;
			proxyType = 1;
			remoteGlobalIDString = 582AEE2345C08646F81127B6;
			remoteInfo = WerkzeugkastenCore;
		};
/* End PBXContainerItemProxy section */

/* Begin PBXCopyFilesBuildPhase section */
		342E4E6572088345158886F1 /* Embed Frameworks */ = {
			isa = PBXCopyFilesBuildPhase;
			buildActionMask = 2147483647;
			dstPath = "";
			dstSubfolderSpec = 10;
			files = (
				42303336D32F8BEA7C132699 /* WerkzeugkastenCore.framework in Embed Frameworks */,
			);
			name = "Embed Frameworks";
			runOnlyForDeploymentPostprocessing = 0;
		};
		5348C3972E4C5D4264DD8E54 /* Embed Foundation Extensions */ = {
			isa = PBXCopyFilesBuildPhase;
			buildActionMask = 2147483647;
			dstPath = "";
			dstSubfolderSpec = 13;
			files = (
				C1050161AE39E362C01426C1 /* WerkzeugkastenActionExtension.appex in Embed Foundation Extensions */,
			);
			name = "Embed Foundation Extensions";
			runOnlyForDeploymentPostprocessing = 0;
		};
		9B99D2F2CCD728F670FE6867 /* Embed Frameworks */ = {
			isa = PBXCopyFilesBuildPhase;
			buildActionMask = 2147483647;
			dstPath = "";
			dstSubfolderSpec = 10;
			files = (
				BD6D2BDB6852CEFB60126BE9 /* WerkzeugkastenCore.framework in Embed Frameworks */,
			);
			name = "Embed Frameworks";
			runOnlyForDeploymentPostprocessing = 0;
		};
		B6A747349378577323ECDE7C /* Embed Frameworks */ = {
			isa = PBXCopyFilesBuildPhase;
			buildActionMask = 2147483647;
			dstPath = "";
			dstSubfolderSpec = 10;
			files = (
				D7D245429DA6EA3104141A14 /* WerkzeugkastenCore.framework in Embed Frameworks */,
			);
			name = "Embed Frameworks";
			runOnlyForDeploymentPostprocessing = 0;
		};
/* End PBXCopyFilesBuildPhase section */

/* Begin PBXFileReference section */
		015A9D71820D249B30CD2823 /* research_list.py */ = {isa = PBXFileReference; lastKnownFileType = text.script.python; path = research_list.py; sourceTree = "<group>"; };
		0C9AD89BF9426D42198C30DB /* NotificationHelper.swift */ = {isa = PBXFileReference; lastKnownFileType = sourcecode.swift; path = NotificationHelper.swift; sourceTree = "<group>"; };
		181ED0556CE78A69F5117AE4 /* InputNormalizer.swift */ = {isa = PBXFileReference; lastKnownFileType = sourcecode.swift; path = InputNormalizer.swift; sourceTree = "<group>"; };
		1A54CC72921F51DAF9F09726 /* SharedConstants.swift */ = {isa = PBXFileReference; lastKnownFileType = sourcecode.swift; path = SharedConstants.swift; sourceTree = "<group>"; };
		2A3EEE0A0F4244A4A905161A /* core.py */ = {isa = PBXFileReference; lastKnownFileType = text.script.python; path = core.py; sourceTree = "<group>"; };
		2C791A72EC62117F80E25D36 /* __main__.py */ = {isa = PBXFileReference; lastKnownFileType = text.script.python; path = __main__.py; sourceTree = "<group>"; };
		3045FA7836D178715D8E8F9D /* WerkzeugkastenCoreTests.swift */ = {isa = PBXFileReference; lastKnownFileType = sourcecode.swift; path = WerkzeugkastenCoreTests.swift; sourceTree = "<group>"; };
		3060211CCE42A26E316070BC /* WerkzeugkastenCore.framework */ = {isa = PBXFileReference; explicitFileType = wrapper.framework; includeInIndex = 0; path = WerkzeugkastenCore.framework; sourceTree = BUILT_PRODUCTS_DIR; };
		3954B8F33B736FF2B45D4892 /* codex_log.py */ = {isa = PBXFileReference; lastKnownFileType = text.script.python; path = codex_log.py; sourceTree = "<group>"; };
		43C2DC0426AFB4EDAE58BDA4 /* EngineRunner.swift */ = {isa = PBXFileReference; lastKnownFileType = sourcecode.swift; path = EngineRunner.swift; sourceTree = "<group>"; };
		5D5D8A5D78CE1CDCE82209AC /* WindowCoordinator.swift */ = {isa = PBXFileReference; lastKnownFileType = sourcecode.swift; path = WindowCoordinator.swift; sourceTree = "<group>"; };
		5E799B08F555168148FB0CDD /* WerkzeugkastenCoreTests.xctest */ = {isa = PBXFileReference; explicitFileType = wrapper.cfbundle; includeInIndex = 0; path = WerkzeugkastenCoreTests.xctest; sourceTree = BUILT_PRODUCTS_DIR; };
		5EFF0536F5C13E31AB66473A /* WerkzeugkastenMenuBarApp.swift */ = {isa = PBXFileReference; lastKnownFileType = sourcecode.swift; path = WerkzeugkastenMenuBarApp.swift; sourceTree = "<group>"; };
		677A8E7873E5DCC3B38A2B7D /* cli.py */ = {isa = PBXFileReference; lastKnownFileType = text.script.python; path = cli.py; sourceTree = "<group>"; };
		7560BDE31895559957D708AE /* research_table.py */ = {isa = PBXFileReference; lastKnownFileType = text.script.python; path = research_table.py; sourceTree = "<group>"; };
		830304711401CF08505EC9CC /* KeychainStore.swift */ = {isa = PBXFileReference; lastKnownFileType = sourcecode.swift; path = KeychainStore.swift; sourceTree = "<group>"; };
		9BA9C96D9A04A2F882B04ABD /* AppViews.swift */ = {isa = PBXFileReference; lastKnownFileType = sourcecode.swift; path = AppViews.swift; sourceTree = "<group>"; };
		9EA15E79BA1DEF64E3260EC5 /* SettingsStore.swift */ = {isa = PBXFileReference; lastKnownFileType = sourcecode.swift; path = SettingsStore.swift; sourceTree = "<group>"; };
		A0E61C6A9597429654640C06 /* __init__.py */ = {isa = PBXFileReference; lastKnownFileType = text.script.python; path = __init__.py; sourceTree = "<group>"; };
		A33AF22B9EE5EB03E5664A2A /* WerkzeugkastenActionExtension.appex */ = {isa = PBXFileReference; explicitFileType = "wrapper.app-extension"; includeInIndex = 0; path = WerkzeugkastenActionExtension.appex; sourceTree = BUILT_PRODUCTS_DIR; };
		D074526C6194A7A31FE77BF4 /* ActionRequestHandler.swift */ = {isa = PBXFileReference; lastKnownFileType = sourcecode.swift; path = ActionRequestHandler.swift; sourceTree = "<group>"; };
		DA5E2387B3B583F70D9B0547 /* Werkzeugkasten.app */ = {isa = PBXFileReference; explicitFileType = wrapper.application; includeInIndex = 0; path = Werkzeugkasten.app; sourceTree = BUILT_PRODUCTS_DIR; };
		EDC23E0CFB110D28C76C5C34 /* summarize.py */ = {isa = PBXFileReference; lastKnownFileType = text.script.python; path = summarize.py; sourceTree = "<group>"; };
		FAB967D4725A9E07D6CC3605 /* EngineModels.swift */ = {isa = PBXFileReference; lastKnownFileType = sourcecode.swift; path = EngineModels.swift; sourceTree = "<group>"; };
/* End PBXFileReference section */

/* Begin PBXFrameworksBuildPhase section */
		24D37AF25D06006473E02FB5 /* Frameworks */ = {
			isa = PBXFrameworksBuildPhase;
			buildActionMask = 2147483647;
			files = (
				6108108A3D7D48EF2025689E /* WerkzeugkastenCore.framework in Frameworks */,
			);
			runOnlyForDeploymentPostprocessing = 0;
		};
		25828972EA578C4B63C642B7 /* Frameworks */ = {
			isa = PBXFrameworksBuildPhase;
			buildActionMask = 2147483647;
			files = (
				8394E79A6F305A2E15E423A7 /* WerkzeugkastenCore.framework in Frameworks */,
			);
			runOnlyForDeploymentPostprocessing = 0;
		};
		8ECABE761B18B216704AB38C /* Frameworks */ = {
			isa = PBXFrameworksBuildPhase;
			buildActionMask = 2147483647;
			files = (
				AF236DDC8A0D3AD1D3FCB6EE /* WerkzeugkastenCore.framework in Frameworks */,
			);
			runOnlyForDeploymentPostprocessing = 0;
		};
/* End PBXFrameworksBuildPhase section */

/* Begin PBXGroup section */
		45D4453731D6B8BD7802B036 /* werkzeugkasten_engine */ = {
			isa = PBXGroup;
			children = (
				A0E61C6A9597429654640C06 /* __init__.py */,
				2C791A72EC62117F80E25D36 /* __main__.py */,
				677A8E7873E5DCC3B38A2B7D /* cli.py */,
				3954B8F33B736FF2B45D4892 /* codex_log.py */,
				2A3EEE0A0F4244A4A905161A /* core.py */,
				015A9D71820D249B30CD2823 /* research_list.py */,
				7560BDE31895559957D708AE /* research_table.py */,
				EDC23E0CFB110D28C76C5C34 /* summarize.py */,
			);
			path = werkzeugkasten_engine;
			sourceTree = "<group>";
		};
		79337F03AB601D653996CE52 /* Products */ = {
			isa = PBXGroup;
			children = (
				A33AF22B9EE5EB03E5664A2A /* WerkzeugkastenActionExtension.appex */,
				DA5E2387B3B583F70D9B0547 /* Werkzeugkasten.app */,
				3060211CCE42A26E316070BC /* WerkzeugkastenCore.framework */,
				5E799B08F555168148FB0CDD /* WerkzeugkastenCoreTests.xctest */,
			);
			name = Products;
			sourceTree = "<group>";
		};
		7B5FAB4D7F12C525AC90A696 /* WerkzeugkastenCoreTests */ = {
			isa = PBXGroup;
			children = (
				3045FA7836D178715D8E8F9D /* WerkzeugkastenCoreTests.swift */,
			);
			path = WerkzeugkastenCoreTests;
			sourceTree = "<group>";
		};
		80065861AC4D1AE603364A7E /* WerkzeugkastenActionExtension */ = {
			isa = PBXGroup;
			children = (
				D074526C6194A7A31FE77BF4 /* ActionRequestHandler.swift */,
			);
			path = WerkzeugkastenActionExtension;
			sourceTree = "<group>";
		};
		9F1DA5432B82D1879F526FA8 /* WerkzeugkastenApp */ = {
			isa = PBXGroup;
			children = (
				9BA9C96D9A04A2F882B04ABD /* AppViews.swift */,
				5EFF0536F5C13E31AB66473A /* WerkzeugkastenMenuBarApp.swift */,
				5D5D8A5D78CE1CDCE82209AC /* WindowCoordinator.swift */,
			);
			path = WerkzeugkastenApp;
			sourceTree = "<group>";
		};
		A837BF4DEE9DD98603F39072 /* WerkzeugkastenCore */ = {
			isa = PBXGroup;
			children = (
				FAB967D4725A9E07D6CC3605 /* EngineModels.swift */,
				43C2DC0426AFB4EDAE58BDA4 /* EngineRunner.swift */,
				181ED0556CE78A69F5117AE4 /* InputNormalizer.swift */,
				830304711401CF08505EC9CC /* KeychainStore.swift */,
				0C9AD89BF9426D42198C30DB /* NotificationHelper.swift */,
				9EA15E79BA1DEF64E3260EC5 /* SettingsStore.swift */,
				1A54CC72921F51DAF9F09726 /* SharedConstants.swift */,
			);
			path = WerkzeugkastenCore;
			sourceTree = "<group>";
		};
		EA73F583289740E94D68CBBE = {
			isa = PBXGroup;
			children = (
				45D4453731D6B8BD7802B036 /* werkzeugkasten_engine */,
				80065861AC4D1AE603364A7E /* WerkzeugkastenActionExtension */,
				9F1DA5432B82D1879F526FA8 /* WerkzeugkastenApp */,
				A837BF4DEE9DD98603F39072 /* WerkzeugkastenCore */,
				7B5FAB4D7F12C525AC90A696 /* WerkzeugkastenCoreTests */,
				79337F03AB601D653996CE52 /* Products */,
			);
			sourceTree = "<group>";
		};
/* End PBXGroup section */

/* Begin PBXNativeTarget section */
		2762252001ADB3BA7114330D /* WerkzeugkastenCoreTests */ = {
			isa = PBXNativeTarget;
			buildConfigurationList = 63B072BBD0EE9FCAC17ECE0A /* Build configuration list for PBXNativeTarget "WerkzeugkastenCoreTests" */;
			buildPhases = (
				20737DB522B6D244C4FF5412 /* Sources */,
				25828972EA578C4B63C642B7 /* Frameworks */,
				342E4E6572088345158886F1 /* Embed Frameworks */,
			);
			buildRules = (
			);
			dependencies = (
				2DC680EE8E1C59E70BEA68D1 /* PBXTargetDependency */,
			);
			name = WerkzeugkastenCoreTests;
			packageProductDependencies = (
			);
			productName = WerkzeugkastenCoreTests;
			productReference = 5E799B08F555168148FB0CDD /* WerkzeugkastenCoreTests.xctest */;
			productType = "com.apple.product-type.bundle.unit-test";
		};
		31945154CCBA6878BA025554 /* WerkzeugkastenActionExtension */ = {
			isa = PBXNativeTarget;
			buildConfigurationList = 23987E625F29713332CEE297 /* Build configuration list for PBXNativeTarget "WerkzeugkastenActionExtension" */;
			buildPhases = (
				B5EB634ED62CDFB05689886B /* Sources */,
				24D37AF25D06006473E02FB5 /* Frameworks */,
				B6A747349378577323ECDE7C /* Embed Frameworks */,
			);
			buildRules = (
			);
			dependencies = (
				95236CFCF5B1788FD1D7429E /* PBXTargetDependency */,
			);
			name = WerkzeugkastenActionExtension;
			packageProductDependencies = (
			);
			productName = WerkzeugkastenActionExtension;
			productReference = A33AF22B9EE5EB03E5664A2A /* WerkzeugkastenActionExtension.appex */;
			productType = "com.apple.product-type.app-extension";
		};
		582AEE2345C08646F81127B6 /* WerkzeugkastenCore */ = {
			isa = PBXNativeTarget;
			buildConfigurationList = 9818429E99A93CF10F7BF567 /* Build configuration list for PBXNativeTarget "WerkzeugkastenCore" */;
			buildPhases = (
				9A69516D132CA0C36143DC72 /* Sources */,
				CB0A5E87A02710E0A1100C7F /* Resources */,
			);
			buildRules = (
			);
			dependencies = (
			);
			name = WerkzeugkastenCore;
			packageProductDependencies = (
			);
			productName = WerkzeugkastenCore;
			productReference = 3060211CCE42A26E316070BC /* WerkzeugkastenCore.framework */;
			productType = "com.apple.product-type.framework";
		};
		EA614D7EEAB7DFFCFB0F6FD0 /* WerkzeugkastenApp */ = {
			isa = PBXNativeTarget;
			buildConfigurationList = 4CAB0475E21ECD88DD53A9C5 /* Build configuration list for PBXNativeTarget "WerkzeugkastenApp" */;
			buildPhases = (
				7ED0CEEDBDA5AD2ECA68AD8E /* Sources */,
				8ECABE761B18B216704AB38C /* Frameworks */,
				5348C3972E4C5D4264DD8E54 /* Embed Foundation Extensions */,
				9B99D2F2CCD728F670FE6867 /* Embed Frameworks */,
			);
			buildRules = (
			);
			dependencies = (
				CC3C1F56F9ED7E7848378BF5 /* PBXTargetDependency */,
				88DD619BECEFC3FB8655FF6A /* PBXTargetDependency */,
			);
			name = WerkzeugkastenApp;
			packageProductDependencies = (
			);
			productName = WerkzeugkastenApp;
			productReference = DA5E2387B3B583F70D9B0547 /* Werkzeugkasten.app */;
			productType = "com.apple.product-type.application";
		};
/* End PBXNativeTarget section */

/* Begin PBXProject section */
		729DD3C704C6EA7F8CB7789C /* Project object */ = {
			isa = PBXProject;
			attributes = {
				BuildIndependentTargetsInParallel = YES;
				LastUpgradeCheck = 1430;
			};
			buildConfigurationList = 98C9B075B2D44CAD5B9CA83A /* Build configuration list for PBXProject "Werkzeugkasten" */;
			developmentRegion = en;
			hasScannedForEncodings = 0;
			knownRegions = (
				Base,
				en,
			);
			mainGroup = EA73F583289740E94D68CBBE;
			minimizedProjectReferenceProxies = 1;
			preferredProjectObjectVersion = 77;
			productRefGroup = 79337F03AB601D653996CE52 /* Products */;
			projectDirPath = "";
			projectRoot = "";
			targets = (
				31945154CCBA6878BA025554 /* WerkzeugkastenActionExtension */,
				EA614D7EEAB7DFFCFB0F6FD0 /* WerkzeugkastenApp */,
				582AEE2345C08646F81127B6 /* WerkzeugkastenCore */,
				2762252001ADB3BA7114330D /* WerkzeugkastenCoreTests */,
			);
		};
/* End PBXProject section */

/* Begin PBXResourcesBuildPhase section */
		CB0A5E87A02710E0A1100C7F /* Resources */ = {
			isa = PBXResourcesBuildPhase;
			buildActionMask = 2147483647;
			files = (
				75F85F789B45D1E50CF19FF4 /* __init__.py in Resources */,
				B39D4F4F49B219D3D646C00E /* __main__.py in Resources */,
				A51273A49BE279C5869F11E8 /* cli.py in Resources */,
				1A15626C013F1F131E97AFAA /* codex_log.py in Resources */,
				749AA8368709E3D98D579697 /* core.py in Resources */,
				B47DCF1F55AE076A5422ADAA /* research_list.py in Resources */,
				518A6C266B6AA329A5E82C8B /* research_table.py in Resources */,
				1CEDD53BF75389E07914AD2B /* summarize.py in Resources */,
			);
			runOnlyForDeploymentPostprocessing = 0;
		};
/* End PBXResourcesBuildPhase section */

/* Begin PBXSourcesBuildPhase section */
		20737DB522B6D244C4FF5412 /* Sources */ = {
			isa = PBXSourcesBuildPhase;
			buildActionMask = 2147483647;
			files = (
				F967F7B429F6CB777E7D0DB8 /* WerkzeugkastenCoreTests.swift in Sources */,
			);
			runOnlyForDeploymentPostprocessing = 0;
		};
		7ED0CEEDBDA5AD2ECA68AD8E /* Sources */ = {
			isa = PBXSourcesBuildPhase;
			buildActionMask = 2147483647;
			files = (
				D59FB34DE9E055453690F25D /* AppViews.swift in Sources */,
				55D2260D9C21F1DB84F0365B /* WerkzeugkastenMenuBarApp.swift in Sources */,
				CF883C0C4FFCE13B233D3A01 /* WindowCoordinator.swift in Sources */,
			);
			runOnlyForDeploymentPostprocessing = 0;
		};
		9A69516D132CA0C36143DC72 /* Sources */ = {
			isa = PBXSourcesBuildPhase;
			buildActionMask = 2147483647;
			files = (
				9A380FA55531D84B04C75011 /* EngineModels.swift in Sources */,
				919EBDABC2850772F1A21BB7 /* EngineRunner.swift in Sources */,
				2DF2B33E6A677756264D45C1 /* InputNormalizer.swift in Sources */,
				7D5FA8EF07FD2268BB016162 /* KeychainStore.swift in Sources */,
				A9521C90331F4099767E8A87 /* NotificationHelper.swift in Sources */,
				7E9C6A978616A9B9ED374082 /* SettingsStore.swift in Sources */,
				F846416F731C89098F88510B /* SharedConstants.swift in Sources */,
			);
			runOnlyForDeploymentPostprocessing = 0;
		};
		B5EB634ED62CDFB05689886B /* Sources */ = {
			isa = PBXSourcesBuildPhase;
			buildActionMask = 2147483647;
			files = (
				34B590C5442398CB786BDDB9 /* ActionRequestHandler.swift in Sources */,
			);
			runOnlyForDeploymentPostprocessing = 0;
		};
/* End PBXSourcesBuildPhase section */

/* Begin PBXTargetDependency section */
		2DC680EE8E1C59E70BEA68D1 /* PBXTargetDependency */ = {
			isa = PBXTargetDependency;
			target = 582AEE2345C08646F81127B6 /* WerkzeugkastenCore */;
			targetProxy = EC2FD359547EF73A8B70872D /* PBXContainerItemProxy */;
		};
		88DD619BECEFC3FB8655FF6A /* PBXTargetDependency */ = {
			isa = PBXTargetDependency;
			target = 31945154CCBA6878BA025554 /* WerkzeugkastenActionExtension */;
			targetProxy = D5AD8238E91602EDD6257B0E /* PBXContainerItemProxy */;
		};
		95236CFCF5B1788FD1D7429E /* PBXTargetDependency */ = {
			isa = PBXTargetDependency;
			target = 582AEE2345C08646F81127B6 /* WerkzeugkastenCore */;
			targetProxy = 4788D5F368A6BAA42C89927A /* PBXContainerItemProxy */;
		};
		CC3C1F56F9ED7E7848378BF5 /* PBXTargetDependency */ = {
			isa = PBXTargetDependency;
			target = 582AEE2345C08646F81127B6 /* WerkzeugkastenCore */;
			targetProxy = FEA987827790F9458F6C1BE4 /* PBXContainerItemProxy */;
		};
/* End PBXTargetDependency section */

/* Begin XCBuildConfiguration section */
		039D45BAAD8677B6514A18F2 /* Debug */ = {
			isa = XCBuildConfiguration;
			buildSettings = {
				ASSETCATALOG_COMPILER_APPICON_NAME = AppIcon;
				CODE_SIGN_ENTITLEMENTS = Config/WerkzeugkastenApp.entitlements;
				"CODE_SIGN_IDENTITY[sdk=macosx*]" = "Developer ID Application";
				CODE_SIGN_STYLE = Manual;
				COMBINE_HIDPI_IMAGES = YES;
				DEVELOPMENT_TEAM = "";
				"DEVELOPMENT_TEAM[sdk=macosx*]" = 8GPF2CCDMW;
				ENABLE_HARDENED_RUNTIME = YES;
				GENERATE_INFOPLIST_FILE = YES;
				INFOPLIST_KEY_CFBundleDisplayName = "Shortcut Shelf";
				INFOPLIST_KEY_CFBundleShortVersionString = "$(MARKETING_VERSION)";
				INFOPLIST_KEY_CFBundleVersion = "$(CURRENT_PROJECT_VERSION)";
				INFOPLIST_KEY_LSApplicationCategoryType = "public.app-category.productivity";
				INFOPLIST_KEY_LSUIElement = YES;
				INFOPLIST_KEY_WerkzeugkastenKeychainAccessGroup = "$(AppIdentifierPrefix)com.mauricefrank.werkzeugkasten.shared";
				LD_RUNPATH_SEARCH_PATHS = (
					"$(inherited)",
					"@executable_path/../Frameworks",
				);
				PRODUCT_BUNDLE_IDENTIFIER = com.mauricefrank.werkzeugkasten;
				PRODUCT_NAME = Werkzeugkasten;
				PROVISIONING_PROFILE_SPECIFIER = "";
				SDKROOT = macosx;
			};
			name = Debug;
		};
		06A5F8F13AB52C6E2D89DEA3 /* Debug */ = {
			isa = XCBuildConfiguration;
			buildSettings = {
				ALWAYS_SEARCH_USER_PATHS = NO;
				AR = ar;
				CC = clang;
				CLANG_ANALYZER_NONNULL = YES;
				CLANG_ANALYZER_NUMBER_OBJECT_CONVERSION = YES_AGGRESSIVE;
				CLANG_CXX_LANGUAGE_STANDARD = "gnu++14";
				CLANG_CXX_LIBRARY = "libc++";
				CLANG_ENABLE_EXPLICIT_MODULES = NO;
				CLANG_ENABLE_MODULES = YES;
				CLANG_ENABLE_OBJC_ARC = YES;
				CLANG_ENABLE_OBJC_WEAK = YES;
				CLANG_WARN_BLOCK_CAPTURE_AUTORELEASING = YES;
				CLANG_WARN_BOOL_CONVERSION = YES;
				CLANG_WARN_COMMA = YES;
				CLANG_WARN_CONSTANT_CONVERSION = YES;
				CLANG_WARN_DEPRECATED_OBJC_IMPLEMENTATIONS = YES;
				CLANG_WARN_DIRECT_OBJC_ISA_USAGE = YES_ERROR;
				CLANG_WARN_DOCUMENTATION_COMMENTS = YES;
				CLANG_WARN_EMPTY_BODY = YES;
				CLANG_WARN_ENUM_CONVERSION = YES;
				CLANG_WARN_INFINITE_RECURSION = YES;
				CLANG_WARN_INT_CONVERSION = YES;
				CLANG_WARN_NON_LITERAL_NULL_CONVERSION = YES;
				CLANG_WARN_OBJC_IMPLICIT_RETAIN_SELF = YES;
				CLANG_WARN_OBJC_LITERAL_CONVERSION = YES;
				CLANG_WARN_OBJC_ROOT_CLASS = YES_ERROR;
				CLANG_WARN_QUOTED_INCLUDE_IN_FRAMEWORK_HEADER = YES;
				CLANG_WARN_RANGE_LOOP_ANALYSIS = YES;
				CLANG_WARN_STRICT_PROTOTYPES = YES;
				CLANG_WARN_SUSPICIOUS_MOVE = YES;
				CLANG_WARN_UNGUARDED_AVAILABILITY = YES_AGGRESSIVE;
				CLANG_WARN_UNREACHABLE_CODE = YES;
				CLANG_WARN__DUPLICATE_METHOD_MATCH = YES;
				COPY_PHASE_STRIP = NO;
				CURRENT_PROJECT_VERSION = 1;
				CXX = "clang++";
				DEBUG_INFORMATION_FORMAT = dwarf;
				ENABLE_STRICT_OBJC_MSGSEND = YES;
				ENABLE_TESTABILITY = YES;
				GCC_C_LANGUAGE_STANDARD = gnu11;
				GCC_DYNAMIC_NO_PIC = NO;
				GCC_NO_COMMON_BLOCKS = YES;
				GCC_OPTIMIZATION_LEVEL = 0;
				GCC_PREPROCESSOR_DEFINITIONS = (
					"$(inherited)",
					"DEBUG=1",
				);
				GCC_WARN_64_TO_32_BIT_CONVERSION = YES;
				GCC_WARN_ABOUT_RETURN_TYPE = YES_ERROR;
				GCC_WARN_UNDECLARED_SELECTOR = YES;
				GCC_WARN_UNINITIALIZED_AUTOS = YES_AGGRESSIVE;
				GCC_WARN_UNUSED_FUNCTION = YES;
				GCC_WARN_UNUSED_VARIABLE = YES;
				LD = clang;
				LIBTOOL = libtool;
				MACOSX_DEPLOYMENT_TARGET = 15.0;
				MARKETING_VERSION = 0.1.0;
				MTL_ENABLE_DEBUG_INFO = INCLUDE_SOURCE;
				MTL_FAST_MATH = YES;
				NM = nm;
				ONLY_ACTIVE_ARCH = YES;
				PRODUCT_NAME = "$(TARGET_NAME)";
				RANLIB = ranlib;
				SDKROOT = macosx;
				SWIFT_ACTIVE_COMPILATION_CONDITIONS = DEBUG;
				SWIFT_OPTIMIZATION_LEVEL = "-Onone";
				SWIFT_VERSION = 6.0;
			};
			name = Debug;
		};
		0F01A49C52D9710908B84EA2 /* Release */ = {
			isa = XCBuildConfiguration;
			buildSettings = {
				CODE_SIGN_ENTITLEMENTS = Config/WerkzeugkastenActionExtension.entitlements;
				"CODE_SIGN_IDENTITY[sdk=macosx*]" = "Developer ID Application";
				CODE_SIGN_STYLE = Manual;
				COMBINE_HIDPI_IMAGES = YES;
				DEVELOPMENT_TEAM = "";
				"DEVELOPMENT_TEAM[sdk=macosx*]" = 8GPF2CCDMW;
				ENABLE_HARDENED_RUNTIME = YES;
				INFOPLIST_FILE = "Config/WerkzeugkastenActionExtension-Info.plist";
				INFOPLIST_KEY_WerkzeugkastenKeychainAccessGroup = "$(AppIdentifierPrefix)com.mauricefrank.werkzeugkasten.shared";
				LD_RUNPATH_SEARCH_PATHS = (
					"$(inherited)",
					"@executable_path/../Frameworks",
					"@executable_path/../../../../Frameworks",
				);
				PRODUCT_BUNDLE_IDENTIFIER = com.mauricefrank.werkzeugkasten.action;
				PROVISIONING_PROFILE_SPECIFIER = "";
				SDKROOT = macosx;
			};
			name = Release;
		};
		2826BB7CA323FE6D0143636C /* Release */ = {
			isa = XCBuildConfiguration;
			buildSettings = {
				CODE_SIGN_IDENTITY = "Apple Development";
				"CODE_SIGN_IDENTITY[sdk=macosx*]" = "Developer ID Application";
				CODE_SIGN_STYLE = Manual;
				COMBINE_HIDPI_IMAGES = YES;
				CURRENT_PROJECT_VERSION = 1;
				DEFINES_MODULE = YES;
				DEVELOPMENT_TEAM = "";
				"DEVELOPMENT_TEAM[sdk=macosx*]" = 8GPF2CCDMW;
				DYLIB_COMPATIBILITY_VERSION = 1;
				DYLIB_CURRENT_VERSION = 1;
				DYLIB_INSTALL_NAME_BASE = "@rpath";
				GENERATE_INFOPLIST_FILE = YES;
				INSTALL_PATH = "$(LOCAL_LIBRARY_DIR)/Frameworks";
				LD_RUNPATH_SEARCH_PATHS = (
					"$(inherited)",
					"@executable_path/../Frameworks",
				);
				PRODUCT_BUNDLE_IDENTIFIER = com.mauricefrank.werkzeugkasten.core;
				PROVISIONING_PROFILE_SPECIFIER = "";
				SDKROOT = macosx;
				SKIP_INSTALL = YES;
				VERSIONING_SYSTEM = "apple-generic";
			};
			name = Release;
		};
		5228F24E39D021A5358B9314 /* Debug */ = {
			isa = XCBuildConfiguration;
			buildSettings = {
				BUNDLE_LOADER = "$(TEST_HOST)";
				"CODE_SIGN_IDENTITY[sdk=macosx*]" = "Developer ID Application";
				CODE_SIGN_STYLE = Manual;
				COMBINE_HIDPI_IMAGES = YES;
				DEVELOPMENT_TEAM = "";
				"DEVELOPMENT_TEAM[sdk=macosx*]" = 8GPF2CCDMW;
				GENERATE_INFOPLIST_FILE = YES;
				INFOPLIST_KEY_CFBundleShortVersionString = "$(MARKETING_VERSION)";
				INFOPLIST_KEY_CFBundleVersion = "$(CURRENT_PROJECT_VERSION)";
				LD_RUNPATH_SEARCH_PATHS = (
					"$(inherited)",
					"@executable_path/../Frameworks",
					"@loader_path/../Frameworks",
				);
				PRODUCT_BUNDLE_IDENTIFIER = com.mauricefrank.werkzeugkasten.core.tests;
				PROVISIONING_PROFILE_SPECIFIER = "";
				SDKROOT = macosx;
			};
			name = Debug;
		};
		A5F6B2B324ABA22A58CDDD07 /* Debug */ = {
			isa = XCBuildConfiguration;
			buildSettings = {
				CODE_SIGN_IDENTITY = "Apple Development";
				"CODE_SIGN_IDENTITY[sdk=macosx*]" = "Developer ID Application";
				CODE_SIGN_STYLE = Manual;
				COMBINE_HIDPI_IMAGES = YES;
				CURRENT_PROJECT_VERSION = 1;
				DEFINES_MODULE = YES;
				DEVELOPMENT_TEAM = "";
				"DEVELOPMENT_TEAM[sdk=macosx*]" = 8GPF2CCDMW;
				DYLIB_COMPATIBILITY_VERSION = 1;
				DYLIB_CURRENT_VERSION = 1;
				DYLIB_INSTALL_NAME_BASE = "@rpath";
				GENERATE_INFOPLIST_FILE = YES;
				INSTALL_PATH = "$(LOCAL_LIBRARY_DIR)/Frameworks";
				LD_RUNPATH_SEARCH_PATHS = (
					"$(inherited)",
					"@executable_path/../Frameworks",
				);
				PRODUCT_BUNDLE_IDENTIFIER = com.mauricefrank.werkzeugkasten.core;
				PROVISIONING_PROFILE_SPECIFIER = "";
				SDKROOT = macosx;
				SKIP_INSTALL = YES;
				VERSIONING_SYSTEM = "apple-generic";
			};
			name = Debug;
		};
		A9BA3F20613222082AA888CF /* Release */ = {
			isa = XCBuildConfiguration;
			buildSettings = {
				ALWAYS_SEARCH_USER_PATHS = NO;
				AR = ar;
				CC = clang;
				CLANG_ANALYZER_NONNULL = YES;
				CLANG_ANALYZER_NUMBER_OBJECT_CONVERSION = YES_AGGRESSIVE;
				CLANG_CXX_LANGUAGE_STANDARD = "gnu++14";
				CLANG_CXX_LIBRARY = "libc++";
				CLANG_ENABLE_EXPLICIT_MODULES = NO;
				CLANG_ENABLE_MODULES = YES;
				CLANG_ENABLE_OBJC_ARC = YES;
				CLANG_ENABLE_OBJC_WEAK = YES;
				CLANG_WARN_BLOCK_CAPTURE_AUTORELEASING = YES;
				CLANG_WARN_BOOL_CONVERSION = YES;
				CLANG_WARN_COMMA = YES;
				CLANG_WARN_CONSTANT_CONVERSION = YES;
				CLANG_WARN_DEPRECATED_OBJC_IMPLEMENTATIONS = YES;
				CLANG_WARN_DIRECT_OBJC_ISA_USAGE = YES_ERROR;
				CLANG_WARN_DOCUMENTATION_COMMENTS = YES;
				CLANG_WARN_EMPTY_BODY = YES;
				CLANG_WARN_ENUM_CONVERSION = YES;
				CLANG_WARN_INFINITE_RECURSION = YES;
				CLANG_WARN_INT_CONVERSION = YES;
				CLANG_WARN_NON_LITERAL_NULL_CONVERSION = YES;
				CLANG_WARN_OBJC_IMPLICIT_RETAIN_SELF = YES;
				CLANG_WARN_OBJC_LITERAL_CONVERSION = YES;
				CLANG_WARN_OBJC_ROOT_CLASS = YES_ERROR;
				CLANG_WARN_QUOTED_INCLUDE_IN_FRAMEWORK_HEADER = YES;
				CLANG_WARN_RANGE_LOOP_ANALYSIS = YES;
				CLANG_WARN_STRICT_PROTOTYPES = YES;
				CLANG_WARN_SUSPICIOUS_MOVE = YES;
				CLANG_WARN_UNGUARDED_AVAILABILITY = YES_AGGRESSIVE;
				CLANG_WARN_UNREACHABLE_CODE = YES;
				CLANG_WARN__DUPLICATE_METHOD_MATCH = YES;
				COPY_PHASE_STRIP = NO;
				CURRENT_PROJECT_VERSION = 1;
				CXX = "clang++";
				DEBUG_INFORMATION_FORMAT = "dwarf-with-dsym";
				ENABLE_NS_ASSERTIONS = NO;
				ENABLE_STRICT_OBJC_MSGSEND = YES;
				GCC_C_LANGUAGE_STANDARD = gnu11;
				GCC_NO_COMMON_BLOCKS = YES;
				GCC_WARN_64_TO_32_BIT_CONVERSION = YES;
				GCC_WARN_ABOUT_RETURN_TYPE = YES_ERROR;
				GCC_WARN_UNDECLARED_SELECTOR = YES;
				GCC_WARN_UNINITIALIZED_AUTOS = YES_AGGRESSIVE;
				GCC_WARN_UNUSED_FUNCTION = YES;
				GCC_WARN_UNUSED_VARIABLE = YES;
				LD = clang;
				LIBTOOL = libtool;
				MACOSX_DEPLOYMENT_TARGET = 15.0;
				MARKETING_VERSION = 0.1.0;
				MTL_ENABLE_DEBUG_INFO = NO;
				MTL_FAST_MATH = YES;
				NM = nm;
				PRODUCT_NAME = "$(TARGET_NAME)";
				RANLIB = ranlib;
				SDKROOT = macosx;
				SWIFT_COMPILATION_MODE = wholemodule;
				SWIFT_OPTIMIZATION_LEVEL = "-O";
				SWIFT_VERSION = 6.0;
			};
			name = Release;
		};
		C68397546E48F2B12906DFD8 /* Release */ = {
			isa = XCBuildConfiguration;
			buildSettings = {
				BUNDLE_LOADER = "$(TEST_HOST)";
				"CODE_SIGN_IDENTITY[sdk=macosx*]" = "Developer ID Application";
				CODE_SIGN_STYLE = Manual;
				COMBINE_HIDPI_IMAGES = YES;
				DEVELOPMENT_TEAM = "";
				"DEVELOPMENT_TEAM[sdk=macosx*]" = 8GPF2CCDMW;
				GENERATE_INFOPLIST_FILE = YES;
				INFOPLIST_KEY_CFBundleShortVersionString = "$(MARKETING_VERSION)";
				INFOPLIST_KEY_CFBundleVersion = "$(CURRENT_PROJECT_VERSION)";
				LD_RUNPATH_SEARCH_PATHS = (
					"$(inherited)",
					"@executable_path/../Frameworks",
					"@loader_path/../Frameworks",
				);
				PRODUCT_BUNDLE_IDENTIFIER = com.mauricefrank.werkzeugkasten.core.tests;
				PROVISIONING_PROFILE_SPECIFIER = "";
				SDKROOT = macosx;
			};
			name = Release;
		};
		D34AB36D0169529204E2BC07 /* Release */ = {
			isa = XCBuildConfiguration;
			buildSettings = {
				ASSETCATALOG_COMPILER_APPICON_NAME = AppIcon;
				CODE_SIGN_ENTITLEMENTS = Config/WerkzeugkastenApp.entitlements;
				"CODE_SIGN_IDENTITY[sdk=macosx*]" = "Developer ID Application";
				CODE_SIGN_STYLE = Manual;
				COMBINE_HIDPI_IMAGES = YES;
				DEVELOPMENT_TEAM = "";
				"DEVELOPMENT_TEAM[sdk=macosx*]" = 8GPF2CCDMW;
				ENABLE_HARDENED_RUNTIME = YES;
				GENERATE_INFOPLIST_FILE = YES;
				INFOPLIST_KEY_CFBundleDisplayName = "Shortcut Shelf";
				INFOPLIST_KEY_CFBundleShortVersionString = "$(MARKETING_VERSION)";
				INFOPLIST_KEY_CFBundleVersion = "$(CURRENT_PROJECT_VERSION)";
				INFOPLIST_KEY_LSApplicationCategoryType = "public.app-category.productivity";
				INFOPLIST_KEY_LSUIElement = YES;
				INFOPLIST_KEY_WerkzeugkastenKeychainAccessGroup = "$(AppIdentifierPrefix)com.mauricefrank.werkzeugkasten.shared";
				LD_RUNPATH_SEARCH_PATHS = (
					"$(inherited)",
					"@executable_path/../Frameworks",
				);
				PRODUCT_BUNDLE_IDENTIFIER = com.mauricefrank.werkzeugkasten;
				PRODUCT_NAME = Werkzeugkasten;
				PROVISIONING_PROFILE_SPECIFIER = "";
				SDKROOT = macosx;
			};
			name = Release;
		};
		D93E328ECB14E833C3483F26 /* Debug */ = {
			isa = XCBuildConfiguration;
			buildSettings = {
				CODE_SIGN_ENTITLEMENTS = Config/WerkzeugkastenActionExtension.entitlements;
				"CODE_SIGN_IDENTITY[sdk=macosx*]" = "Developer ID Application";
				CODE_SIGN_STYLE = Manual;
				COMBINE_HIDPI_IMAGES = YES;
				DEVELOPMENT_TEAM = "";
				"DEVELOPMENT_TEAM[sdk=macosx*]" = 8GPF2CCDMW;
				ENABLE_HARDENED_RUNTIME = YES;
				INFOPLIST_FILE = "Config/WerkzeugkastenActionExtension-Info.plist";
				INFOPLIST_KEY_WerkzeugkastenKeychainAccessGroup = "$(AppIdentifierPrefix)com.mauricefrank.werkzeugkasten.shared";
				LD_RUNPATH_SEARCH_PATHS = (
					"$(inherited)",
					"@executable_path/../Frameworks",
					"@executable_path/../../../../Frameworks",
				);
				PRODUCT_BUNDLE_IDENTIFIER = com.mauricefrank.werkzeugkasten.action;
				PROVISIONING_PROFILE_SPECIFIER = "";
				SDKROOT = macosx;
			};
			name = Debug;
		};
/* End XCBuildConfiguration section */

/* Begin XCConfigurationList section */
		23987E625F29713332CEE297 /* Build configuration list for PBXNativeTarget "WerkzeugkastenActionExtension" */ = {
			isa = XCConfigurationList;
			buildConfigurations = (
				D93E328ECB14E833C3483F26 /* Debug */,
				0F01A49C52D9710908B84EA2 /* Release */,
			);
			defaultConfigurationIsVisible = 0;
			defaultConfigurationName = Debug;
		};
		4CAB0475E21ECD88DD53A9C5 /* Build configuration list for PBXNativeTarget "WerkzeugkastenApp" */ = {
			isa = XCConfigurationList;
			buildConfigurations = (
				039D45BAAD8677B6514A18F2 /* Debug */,
				D34AB36D0169529204E2BC07 /* Release */,
			);
			defaultConfigurationIsVisible = 0;
			defaultConfigurationName = Debug;
		};
		63B072BBD0EE9FCAC17ECE0A /* Build configuration list for PBXNativeTarget "WerkzeugkastenCoreTests" */ = {
			isa = XCConfigurationList;
			buildConfigurations = (
				5228F24E39D021A5358B9314 /* Debug */,
				C68397546E48F2B12906DFD8 /* Release */,
			);
			defaultConfigurationIsVisible = 0;
			defaultConfigurationName = Debug;
		};
		9818429E99A93CF10F7BF567 /* Build configuration list for PBXNativeTarget "WerkzeugkastenCore" */ = {
			isa = XCConfigurationList;
			buildConfigurations = (
				A5F6B2B324ABA22A58CDDD07 /* Debug */,
				2826BB7CA323FE6D0143636C /* Release */,
			);
			defaultConfigurationIsVisible = 0;
			defaultConfigurationName = Debug;
		};
		98C9B075B2D44CAD5B9CA83A /* Build configuration list for PBXProject "Werkzeugkasten" */ = {
			isa = XCConfigurationList;
			buildConfigurations = (
				06A5F8F13AB52C6E2D89DEA3 /* Debug */,
				A9BA3F20613222082AA888CF /* Release */,
			);
			defaultConfigurationIsVisible = 0;
			defaultConfigurationName = Debug;
		};
/* End XCConfigurationList section */
	};
	rootObject = 729DD3C704C6EA7F8CB7789C /* Project object */;
}
